
Microsoft Visual Studio Solution File, Format Version 12.00
# Visual Studio Version 17
VisualStudioVersion = 17.4.33213.308
MinimumVisualStudioVersion = 10.0.40219.1
Project("{FAE04EC0-301F-11D3-BF4B-00C04F79EFBC}") = "ToDoListAPI", "ToDoListAPI\ToDoListAPI.csproj", "{1785E958-4070-4C22-9DF2-0A9159124205}"
EndProject
Project("{FAE04EC0-301F-11D3-BF4B-00C04F79EFBC}") = "ToDoListBusinessLayer", "ToDoListBusinessLayer\ToDoListBusinessLayer.csproj", "{2703FA31-D761-4450-B604-CA165020C394}"
EndProject
Project("{FAE04EC0-301F-11D3-BF4B-00C04F79EFBC}") = "DataAccessLayer", "DataAccessLayer\DataAccessLayer.csproj", "{3F775F2B-CD15-4620-9799-B1E754997E9B}"
EndProject
Global
	GlobalSection(SolutionConfigurationPlatforms) = preSolution
		Debug|Any CPU = Debug|Any CPU
		Release|Any CPU = Release|Any CPU
	EndGlobalSection
	GlobalSection(ProjectConfigurationPlatforms) = postSolution
		{1785E958-4070-4C22-9DF2-0A9159124205}.Debug|Any CPU.ActiveCfg = Debug|Any CPU
		{1785E958-4070-4C22-9DF2-0A9159124205}.Debug|Any CPU.Build.0 = Debug|Any CPU
		{1785E958-4070-4C22-9DF2-0A9159124205}.Release|Any CPU.ActiveCfg = Release|Any CPU
		{1785E958-4070-4C22-9DF2-0A9159124205}.Release|Any CPU.Build.0 = Release|Any CPU
		{2703FA31-D761-4450-B604-CA165020C394}.Debug|Any CPU.ActiveCfg = Debug|Any CPU
		{2703FA31-D761-4450-B604-CA165020C394}.Debug|Any CPU.Build.0 = Debug|Any CPU
		{2703FA31-D761-4450-B604-CA165020C394}.Release|Any CPU.ActiveCfg = Release|Any CPU
		{2703FA31-D761-4450-B604-CA165020C394}.Release|Any CPU.Build.0 = Release|Any CPU
		{3F775F2B-CD15-4620-9799-B1E754997E9B}.Debug|Any CPU.ActiveCfg = Debug|Any CPU
		{3F775F2B-CD15-4620-9799-B1E754997E9B}.Debug|Any CPU.Build.0 = Debug|Any CPU
		{3F775F2B-CD15-4620-9799-B1E754997E9B}.Release|Any CPU.ActiveCfg = Release|Any CPU
		{3F775F2B-CD15-4620-9799-B1E754997E9B}.Release|Any CPU.Build.0 = Release|Any CPU
	EndGlobalSection
	GlobalSection(SolutionProperties) = preSolution
		HideSolutionNode = FALSE
	EndGlobalSection
	GlobalSection(ExtensibilityGlobals) = postSolution
		SolutionGuid = {BEEBC5E6-E8FE-4766-AE8B-D01CE7A3B6CB}
	EndGlobalSection
EndGlobal
