
Microsoft Visual Studio Solution File, Format Version 12.00
# Visual Studio Version 17
VisualStudioVersion = 17.4.33213.308
MinimumVisualStudioVersion = 10.0.40219.1
Project("{9A19103F-16F7-4668-BE54-9A1E7A4F7556}") = "ToDoListAPI", "ToDoListAPI\ToDoListAPI.csproj", "{1785E958-4070-4C22-9DF2-0A9159124205}"
EndProject
Project("{9A19103F-16F7-4668-BE54-9A1E7A4F7556}") = "ToDoListBusinessLayer", "ToDoListBusinessLayer\ToDoListBusinessLayer.csproj", "{2703FA31-D761-4450-B604-CA165020C394}"
EndProject
Global
	GlobalSection(SolutionConfigurationPlatforms) = preSolution
		Debug|Any CPU = Debug|Any CPU
		Release|Any CPU = Release|Any CPU
	EndGlobalSection
	GlobalSection(ProjectConfigurationPlatforms) = postSolution
		{1785E958-4070-4C22-9DF2-0A9159124205}.Debug|Any CPU.ActiveCfg = Debug|Any CPU
		{1785E958-4070-4C22-9DF2-0A9159124205}.Debug|Any CPU.Build.0 = Debug|Any CPU
		{1785E958-4070-4C22-9DF2-0A9159124205}.Release|Any CPU.ActiveCfg = Release|Any CPU
		{1785E958-4070-4C22-9DF2-0A9159124205}.Release|Any CPU.Build.0 = Release|Any CPU
		{2703FA31-D761-4450-B604-CA165020C394}.Debug|Any CPU.ActiveCfg = Debug|Any CPU
		{2703FA31-D761-4450-B604-CA165020C394}.Debug|Any CPU.Build.0 = Debug|Any CPU
		{2703FA31-D761-4450-B604-CA165020C394}.Release|Any CPU.ActiveCfg = Release|Any CPU
		{2703FA31-D761-4450-B604-CA165020C394}.Release|Any CPU.Build.0 = Release|Any CPU
	EndGlobalSection
	GlobalSection(SolutionProperties) = preSolution
		HideSolutionNode = FALSE
	EndGlobalSection
	GlobalSection(ExtensibilityGlobals) = postSolution
		SolutionGuid = {BEEBC5E6-E8FE-4766-AE8B-D01CE7A3B6CB}
	EndGlobalSection
EndGlobal
